
Microsoft Visual Studio Solution File, Format Version 12.00
# Visual Studio Version 16
VisualStudioVersion = 16.0.31005.135
MinimumVisualStudioVersion = 10.0.40219.1
Project("{9A19103F-16F7-4668-BE54-9A1E7A4F7556}") = "ornek1", "ornek1.csproj", "{84E3E068-4C87-488C-ABC2-209726DB2849}"
EndProject
Project("{FAE04EC0-301F-11D3-BF4B-00C04F79EFBC}") = "Publisher", "..\Publisher\Publisher.csproj", "{1D54C5F2-E7A8-48FD-8737-C01443127EDE}"
EndProject
Project("{FAE04EC0-301F-11D3-BF4B-00C04F79EFBC}") = "CoreDto", "..\CoreDto\CoreDto.csproj", "{97C236A8-1EE0-4E05-83F3-CE5E4C378A73}"
EndProject
Global
	GlobalSection(SolutionConfigurationPlatforms) = preSolution
		Debug|Any CPU = Debug|Any CPU
		Release|Any CPU = Release|Any CPU
	EndGlobalSection
	GlobalSection(ProjectConfigurationPlatforms) = postSolution
		{84E3E068-4C87-488C-ABC2-209726DB2849}.Debug|Any CPU.ActiveCfg = Debug|Any CPU
		{84E3E068-4C87-488C-ABC2-209726DB2849}.Debug|Any CPU.Build.0 = Debug|Any CPU
		{84E3E068-4C87-488C-ABC2-209726DB2849}.Release|Any CPU.ActiveCfg = Release|Any CPU
		{84E3E068-4C87-488C-ABC2-209726DB2849}.Release|Any CPU.Build.0 = Release|Any CPU
		{1D54C5F2-E7A8-48FD-8737-C01443127EDE}.Debug|Any CPU.ActiveCfg = Debug|Any CPU
		{1D54C5F2-E7A8-48FD-8737-C01443127EDE}.Debug|Any CPU.Build.0 = Debug|Any CPU
		{1D54C5F2-E7A8-48FD-8737-C01443127EDE}.Release|Any CPU.ActiveCfg = Release|Any CPU
		{1D54C5F2-E7A8-48FD-8737-C01443127EDE}.Release|Any CPU.Build.0 = Release|Any CPU
		{97C236A8-1EE0-4E05-83F3-CE5E4C378A73}.Debug|Any CPU.ActiveCfg = Debug|Any CPU
		{97C236A8-1EE0-4E05-83F3-CE5E4C378A73}.Debug|Any CPU.Build.0 = Debug|Any CPU
		{97C236A8-1EE0-4E05-83F3-CE5E4C378A73}.Release|Any CPU.ActiveCfg = Release|Any CPU
		{97C236A8-1EE0-4E05-83F3-CE5E4C378A73}.Release|Any CPU.Build.0 = Release|Any CPU
	EndGlobalSection
	GlobalSection(SolutionProperties) = preSolution
		HideSolutionNode = FALSE
	EndGlobalSection
	GlobalSection(ExtensibilityGlobals) = postSolution
		SolutionGuid = {E88420FE-0F83-4C89-BCEB-0353C26EE9E7}
	EndGlobalSection
EndGlobal
